
Microsoft Visual Studio Solution File, Format Version 12.00
# Visual Studio Version 17
VisualStudioVersion = 17.5.33627.172
MinimumVisualStudioVersion = 10.0.40219.1
Project("{FAE04EC0-301F-11D3-BF4B-00C04F79EFBC}") = "BlazorApp1", "BlazorApp1\BlazorApp1.csproj", "{2BCAB482-4786-46BC-AE7A-DC8227ADD539}"
EndProject
Global
	GlobalSection(SolutionConfigurationPlatforms) = preSolution
		Debug|Any CPU = Debug|Any CPU
		Release|Any CPU = Release|Any CPU
	EndGlobalSection
	GlobalSection(ProjectConfigurationPlatforms) = postSolution
		{2BCAB482-4786-46BC-AE7A-DC8227ADD539}.Debug|Any CPU.ActiveCfg = Debug|Any CPU
		{2BCAB482-4786-46BC-AE7A-DC8227ADD539}.Debug|Any CPU.Build.0 = Debug|Any CPU
		{2BCAB482-4786-46BC-AE7A-DC8227ADD539}.Release|Any CPU.ActiveCfg = Release|Any CPU
		{2BCAB482-4786-46BC-AE7A-DC8227ADD539}.Release|Any CPU.Build.0 = Release|Any CPU
	EndGlobalSection
	GlobalSection(SolutionProperties) = preSolution
		HideSolutionNode = FALSE
	EndGlobalSection
	GlobalSection(ExtensibilityGlobals) = postSolution
		SolutionGuid = {77A2B935-E604-4ADB-A516-C85CD10ECB2E}
	EndGlobalSection
EndGlobal
